# This file was autogenerated by Stack.
# You should not edit this file by hand.
# For more information, please see the documentation at:
#   https://docs.haskellstack.org/en/stable/lock_files

packages:
- completed:
    hackage: taffybar-3.3.0@sha256:1c8a9b1c098cd85637290289b47f0faf18cb1496723d2d933f167a3cb063a08c,7087
    pantry-tree:
      size: 5951
      sha256: bf5ed92ef440fbb62f36f4edb693c518a5adcb523012ad3967ac654246c9920e
  original:
    hackage: taffybar-3.3.0@sha256:1c8a9b1c098cd85637290289b47f0faf18cb1496723d2d933f167a3cb063a08c,7087
snapshots:
- completed:
    size: 618952
    url: https://raw.githubusercontent.com/commercialhaskell/stackage-snapshots/master/lts/19/15.yaml
    sha256: 82e5ccb47b068521de4055034e8aa278eab430b586881d9cc29ba8b382ce3253
  original: lts-19.15
